{
  "name": "elements-example",
  "version": "1.0.0",
  "lockfileVersion": 2,
  "requires": true,
  "packages": {
    "": {
      "name": "elements-example",
      "version": "1.0.0",
      "license": "ISC",
      "dependencies": {
        "@brokerize/elements": "0.0.1-alpha-12"
      }
    },
    "node_modules/@brokerize/client": {
      "version": "0.0.1-alpha-34",
      "resolved": "https://npm.pkg.github.com/download/@brokerize/client/0.0.1-alpha-34/8065019c37b78205c5dbbc3e88c9e4693fcc09b7",
      "integrity": "sha512-188h9S2q0yDYU0eaiQ24qLqsuFzhTUe7o80OfrV0tRVkwIyRK1A8JTHxCl/+rx+y5oh1e7Z+zOeHSDAzKMl/RQ==",
      "license": "ISC"
    },
    "node_modules/@brokerize/elements": {
      "version": "0.0.1-alpha-12",
      "resolved": "https://npm.pkg.github.com/download/@brokerize/elements/0.0.1-alpha-12/7be9daf3ccd0bb015d7cd97e71b3cb0d7671f54f",
      "integrity": "sha512-B0JixfOH2dDWq7fzswci3y26fTaKd4GNq/F7ZmJE/AmPn8Y1DkE1BcPfgqv/KVcj+dNmiW7Si09xV7j8+xEqDQ==",
      "license": "~TODO~",
      "dependencies": {
        "@brokerize/client": "0.0.1-alpha-34"
      }
    }
  },
  "dependencies": {
    "@brokerize/client": {
      "version": "0.0.1-alpha-34",
      "resolved": "https://npm.pkg.github.com/download/@brokerize/client/0.0.1-alpha-34/8065019c37b78205c5dbbc3e88c9e4693fcc09b7",
      "integrity": "sha512-188h9S2q0yDYU0eaiQ24qLqsuFzhTUe7o80OfrV0tRVkwIyRK1A8JTHxCl/+rx+y5oh1e7Z+zOeHSDAzKMl/RQ=="
    },
    "@brokerize/elements": {
      "version": "0.0.1-alpha-12",
      "resolved": "https://npm.pkg.github.com/download/@brokerize/elements/0.0.1-alpha-12/7be9daf3ccd0bb015d7cd97e71b3cb0d7671f54f",
      "integrity": "sha512-B0JixfOH2dDWq7fzswci3y26fTaKd4GNq/F7ZmJE/AmPn8Y1DkE1BcPfgqv/KVcj+dNmiW7Si09xV7j8+xEqDQ==",
      "requires": {
        "@brokerize/client": "0.0.1-alpha-34"
      }
    }
  }
}
