{
  "name": "elements-example",
  "version": "1.0.0",
  "lockfileVersion": 2,
  "requires": true,
  "packages": {
    "": {
      "name": "elements-example",
      "version": "1.0.0",
      "license": "ISC",
      "dependencies": {
        "@brokerize/elements": "0.0.1-alpha-9"
      }
    },
    "node_modules/@brokerize/elements": {
      "version": "0.0.1-alpha-9",
      "resolved": "https://npm.pkg.github.com/download/@brokerize/elements/0.0.1-alpha-9/13731100c8bd3f06621703cf8cb00e40098ad792",
      "integrity": "sha512-+86eZ+/1IaSMHSaHqw2gejGDT3rROuIwep78MZ0QiGktTPwe8iB1mp+RXFa8MiY/lSW3SDe9g+GQ1bcxMMMO4g==",
      "license": "~TODO~"
    }
  },
  "dependencies": {
    "@brokerize/elements": {
      "version": "0.0.1-alpha-9",
      "resolved": "https://npm.pkg.github.com/download/@brokerize/elements/0.0.1-alpha-9/13731100c8bd3f06621703cf8cb00e40098ad792",
      "integrity": "sha512-+86eZ+/1IaSMHSaHqw2gejGDT3rROuIwep78MZ0QiGktTPwe8iB1mp+RXFa8MiY/lSW3SDe9g+GQ1bcxMMMO4g=="
    }
  }
}
