{
  "name": "elements-example",
  "version": "1.0.0",
  "lockfileVersion": 2,
  "requires": true,
  "packages": {
    "": {
      "name": "elements-example",
      "version": "1.0.0",
      "license": "ISC",
      "dependencies": {
        "@brokerize/elements": "0.0.1-alpha-23"
      }
    },
    "node_modules/@brokerize/client": {
      "version": "0.0.1-alpha-49",
      "resolved": "https://npm.pkg.github.com/download/@brokerize/client/0.0.1-alpha-49/e11fb79c160907b2d71e12d39a6fe5211672f6dc",
      "integrity": "sha512-0FWoZqsRLWQEwjqAQj4cnytRKoiNemz/S9xbsz69zerKsPcVy5/8bTkjyMUUOjx0RT5B6K6SUPcO1Ny0Xhz9tw==",
      "license": "ISC"
    },
    "node_modules/@brokerize/elements": {
      "version": "0.0.1-alpha-23",
      "resolved": "https://npm.pkg.github.com/download/@brokerize/elements/0.0.1-alpha-23/504b84b566bdda245e97a5af93b45019755ea62d",
      "integrity": "sha512-71pxubKztV9FdvrAUs+kMLsfs18+MAMcC4mEN2CdP2NV8BJW9b9FOUZrW5H8ddR1/DG748y91JJ3vI+CyOfQNQ==",
      "license": "~TODO~",
      "dependencies": {
        "@brokerize/client": "0.0.1-alpha-49"
      }
    }
  },
  "dependencies": {
    "@brokerize/client": {
      "version": "0.0.1-alpha-49",
      "resolved": "https://npm.pkg.github.com/download/@brokerize/client/0.0.1-alpha-49/e11fb79c160907b2d71e12d39a6fe5211672f6dc",
      "integrity": "sha512-0FWoZqsRLWQEwjqAQj4cnytRKoiNemz/S9xbsz69zerKsPcVy5/8bTkjyMUUOjx0RT5B6K6SUPcO1Ny0Xhz9tw=="
    },
    "@brokerize/elements": {
      "version": "0.0.1-alpha-23",
      "resolved": "https://npm.pkg.github.com/download/@brokerize/elements/0.0.1-alpha-23/504b84b566bdda245e97a5af93b45019755ea62d",
      "integrity": "sha512-71pxubKztV9FdvrAUs+kMLsfs18+MAMcC4mEN2CdP2NV8BJW9b9FOUZrW5H8ddR1/DG748y91JJ3vI+CyOfQNQ==",
      "requires": {
        "@brokerize/client": "0.0.1-alpha-49"
      }
    }
  }
}
